
Microsoft Visual Studio Solution File, Format Version 12.00
# Visual Studio 2012
Project("{FAE04EC0-301F-11D3-BF4B-00C04F79EFBC}") = "demoUniversity", "demoUniversity\demoUniversity.csproj", "{D243C4FE-7A8C-4DDC-BB83-F582BC67C0D8}"
EndProject
Global
	GlobalSection(SolutionConfigurationPlatforms) = preSolution
		Debug|Any CPU = Debug|Any CPU
		Release|Any CPU = Release|Any CPU
	EndGlobalSection
	GlobalSection(ProjectConfigurationPlatforms) = postSolution
		{D243C4FE-7A8C-4DDC-BB83-F582BC67C0D8}.Debug|Any CPU.ActiveCfg = Debug|Any CPU
		{D243C4FE-7A8C-4DDC-BB83-F582BC67C0D8}.Debug|Any CPU.Build.0 = Debug|Any CPU
		{D243C4FE-7A8C-4DDC-BB83-F582BC67C0D8}.Release|Any CPU.ActiveCfg = Release|Any CPU
		{D243C4FE-7A8C-4DDC-BB83-F582BC67C0D8}.Release|Any CPU.Build.0 = Release|Any CPU
	EndGlobalSection
	GlobalSection(SolutionProperties) = preSolution
		HideSolutionNode = FALSE
	EndGlobalSection
EndGlobal
